
Microsoft Visual Studio Solution File, Format Version 12.00
# Visual Studio Version 16
VisualStudioVersion = 16.0.31205.134
MinimumVisualStudioVersion = 10.0.40219.1
Project("{FAE04EC0-301F-11D3-BF4B-00C04F79EFBC}") = "EXERCISE 02 - OOP", "EXERCISE 02 - OOP\EXERCISE 02 - OOP.csproj", "{57628BC0-B345-43C7-9B4B-FF5E8B666B13}"
EndProject
Global
	GlobalSection(SolutionConfigurationPlatforms) = preSolution
		Debug|Any CPU = Debug|Any CPU
		Release|Any CPU = Release|Any CPU
	EndGlobalSection
	GlobalSection(ProjectConfigurationPlatforms) = postSolution
		{57628BC0-B345-43C7-9B4B-FF5E8B666B13}.Debug|Any CPU.ActiveCfg = Debug|Any CPU
		{57628BC0-B345-43C7-9B4B-FF5E8B666B13}.Debug|Any CPU.Build.0 = Debug|Any CPU
		{57628BC0-B345-43C7-9B4B-FF5E8B666B13}.Release|Any CPU.ActiveCfg = Release|Any CPU
		{57628BC0-B345-43C7-9B4B-FF5E8B666B13}.Release|Any CPU.Build.0 = Release|Any CPU
	EndGlobalSection
	GlobalSection(SolutionProperties) = preSolution
		HideSolutionNode = FALSE
	EndGlobalSection
	GlobalSection(ExtensibilityGlobals) = postSolution
		SolutionGuid = {CEBF101E-283A-48F8-9947-3CF2FE2D5002}
	EndGlobalSection
EndGlobal
